
Microsoft Visual Studio Solution File, Format Version 12.00
# Visual Studio Version 16
VisualStudioVersion = 16.0.30621.155
MinimumVisualStudioVersion = 10.0.40219.1
Project("{FAE04EC0-301F-11D3-BF4B-00C04F79EFBC}") = "szudoku", "szudoku\szudoku.csproj", "{B8B18068-EE92-4F62-B942-214C6E0BC6FB}"
EndProject
Global
	GlobalSection(SolutionConfigurationPlatforms) = preSolution
		Debug|Any CPU = Debug|Any CPU
		Release|Any CPU = Release|Any CPU
	EndGlobalSection
	GlobalSection(ProjectConfigurationPlatforms) = postSolution
		{B8B18068-EE92-4F62-B942-214C6E0BC6FB}.Debug|Any CPU.ActiveCfg = Debug|Any CPU
		{B8B18068-EE92-4F62-B942-214C6E0BC6FB}.Debug|Any CPU.Build.0 = Debug|Any CPU
		{B8B18068-EE92-4F62-B942-214C6E0BC6FB}.Release|Any CPU.ActiveCfg = Release|Any CPU
		{B8B18068-EE92-4F62-B942-214C6E0BC6FB}.Release|Any CPU.Build.0 = Release|Any CPU
	EndGlobalSection
	GlobalSection(SolutionProperties) = preSolution
		HideSolutionNode = FALSE
	EndGlobalSection
	GlobalSection(ExtensibilityGlobals) = postSolution
		SolutionGuid = {52D05086-5BDF-4662-B27F-F9DC684A413C}
	EndGlobalSection
EndGlobal
